PODS:
  - CommonComponents (0.0.1):
    - CommonComponents/Macros (= 0.0.1)
    - CommonComponents/NSObjects (= 0.0.1)
    - CommonComponents/UIViewControllers (= 0.0.1)
    - CommonComponents/UIViews (= 0.0.1)
  - CommonComponents/Macros (0.0.1)
  - CommonComponents/NSObjects (0.0.1):
    - CommonComponents/Macros
    - CommonComponents/NSObjects/LBCustemPresentTransitions (= 0.0.1)
    - CommonComponents/NSObjects/LBEncrypt (= 0.0.1)
    - CommonComponents/NSObjects/NSNull (= 0.0.1)
  - CommonComponents/NSObjects/LBCustemPresentTransitions (0.0.1):
    - CommonComponents/Macros
  - CommonComponents/NSObjects/LBEncrypt (0.0.1):
    - CommonComponents/Macros
  - CommonComponents/NSObjects/NSNull (0.0.1):
    - CommonComponents/Macros
  - CommonComponents/UIViewControllers (0.0.1):
    - CommonComponents/Macros
    - CommonComponents/NSObjects/LBCustemPresentTransitions
    - CommonComponents/UIViewControllers/LBAlertController (= 0.0.1)
    - CommonComponents/UIViewControllers/LBItemsSelectViewController (= 0.0.1)
    - CommonComponents/UIViewControllers/LBWebViewController (= 0.0.1)
  - CommonComponents/UIViewControllers/LBAlertController (0.0.1):
    - CommonComponents/Macros
    - CommonComponents/NSObjects/LBCustemPresentTransitions
  - CommonComponents/UIViewControllers/LBItemsSelectViewController (0.0.1):
    - CommonComponents/Macros
    - CommonComponents/NSObjects/LBCustemPresentTransitions
  - CommonComponents/UIViewControllers/LBWebViewController (0.0.1):
    - CommonComponents/Macros
    - CommonComponents/NSObjects/LBCustemPresentTransitions
  - CommonComponents/UIViews (0.0.1):
    - CommonComponents/Macros
    - CommonComponents/UIViews/LBCodeGetButton (= 0.0.1)
    - CommonComponents/UIViews/LBFunctionalTextField (= 0.0.1)
    - CommonComponents/UIViews/LBTitleAndInputCell (= 0.0.1)
    - CommonComponents/UIViews/UIViewInit (= 0.0.1)
  - CommonComponents/UIViews/LBCodeGetButton (0.0.1):
    - CommonComponents/Macros
  - CommonComponents/UIViews/LBFunctionalTextField (0.0.1):
    - CommonComponents/Macros
  - CommonComponents/UIViews/LBTitleAndInputCell (0.0.1):
    - CommonComponents/Macros
    - CommonComponents/UIViews/LBFunctionalTextField
  - CommonComponents/UIViews/UIViewInit (0.0.1):
    - CommonComponents/Macros

DEPENDENCIES:
  - CommonComponents (~> 0.0.1)

SPEC REPOS:
  https://github.com/cocoapods/specs.git:
    - CommonComponents

SPEC CHECKSUMS:
  CommonComponents: 8d91a0135152e6200f30f9a050a993ebaf3601fa

PODFILE CHECKSUM: b777bcf4e627293e6765f2c13ff65d6107f76098

COCOAPODS: 1.5.3
