// !$*UTF8*$!
{
	archiveVersion = 1;
	classes = {
	};
	objectVersion = 50;
	objects = {

/* Begin PBXBuildFile section */
		4018D6AB2224CA3E0048D112 /* TESTObject.m in Sources */ = {isa = PBXBuildFile; fileRef = 4018D6AA2224CA3E0048D112 /* TESTObject.m */; };
		40D447FC2223E1A1009B77C7 /* Assets.xcassets in Resources */ = {isa = PBXBuildFile; fileRef = 40D447FB2223E1A1009B77C7 /* Assets.xcassets */; };
		40D447FF2223E1A1009B77C7 /* LaunchScreen.storyboard in Resources */ = {isa = PBXBuildFile; fileRef = 40D447FD2223E1A1009B77C7 /* LaunchScreen.storyboard */; };
		40D448022223E1A1009B77C7 /* main.m in Sources */ = {isa = PBXBuildFile; fileRef = 40D448012223E1A1009B77C7 /* main.m */; };
		40D4480E2223E1F1009B77C7 /* AppDelegate.m in Sources */ = {isa = PBXBuildFile; fileRef = 40D4480A2223E1F1009B77C7 /* AppDelegate.m */; };
		40D4480F2223E1F1009B77C7 /* QHComponentsExampleVC.m in Sources */ = {isa = PBXBuildFile; fileRef = 40D4480C2223E1F1009B77C7 /* QHComponentsExampleVC.m */; };
		40D448172223E827009B77C7 /* QHCommonComponents.podspec in Resources */ = {isa = PBXBuildFile; fileRef = 40D448162223E827009B77C7 /* QHCommonComponents.podspec */; };
		40D448392223FE3C009B77C7 /* QHEncrypt.m in Sources */ = {isa = PBXBuildFile; fileRef = 40D448332223FE3C009B77C7 /* QHEncrypt.m */; };
		40D4483A2223FE3C009B77C7 /* QHAlertController.m in Sources */ = {isa = PBXBuildFile; fileRef = 40D448382223FE3C009B77C7 /* QHAlertController.m */; };
		40D4485A22240779009B77C7 /* QHPayWaysSelectVC.m in Sources */ = {isa = PBXBuildFile; fileRef = 40D4485622240779009B77C7 /* QHPayWaysSelectVC.m */; };
		40D4485B22240779009B77C7 /* QHPayWaysCell.m in Sources */ = {isa = PBXBuildFile; fileRef = 40D4485922240779009B77C7 /* QHPayWaysCell.m */; };
		40D4487222240871009B77C7 /* AMRPlayerTool.m in Sources */ = {isa = PBXBuildFile; fileRef = 40D4485E22240871009B77C7 /* AMRPlayerTool.m */; };
		40D4487322240871009B77C7 /* read_success.mp3 in Resources */ = {isa = PBXBuildFile; fileRef = 40D4486022240871009B77C7 /* read_success.mp3 */; };
		40D4487422240871009B77C7 /* open_success.mp3 in Resources */ = {isa = PBXBuildFile; fileRef = 40D4486122240871009B77C7 /* open_success.mp3 */; };
		40D4487522240871009B77C7 /* no_response.mp3 in Resources */ = {isa = PBXBuildFile; fileRef = 40D4486222240871009B77C7 /* no_response.mp3 */; };
		40D4487622240871009B77C7 /* assign_success.mp3 in Resources */ = {isa = PBXBuildFile; fileRef = 40D4486322240871009B77C7 /* assign_success.mp3 */; };
		40D4487722240871009B77C7 /* user_not_auth.mp3 in Resources */ = {isa = PBXBuildFile; fileRef = 40D4486422240871009B77C7 /* user_not_auth.mp3 */; };
		40D4487822240871009B77C7 /* disconnect.mp3 in Resources */ = {isa = PBXBuildFile; fileRef = 40D4486522240871009B77C7 /* disconnect.mp3 */; };
		40D4487922240871009B77C7 /* assign_fail.mp3 in Resources */ = {isa = PBXBuildFile; fileRef = 40D4486622240871009B77C7 /* assign_fail.mp3 */; };
		40D4487A22240871009B77C7 /* connect.mp3 in Resources */ = {isa = PBXBuildFile; fileRef = 40D4486722240871009B77C7 /* connect.mp3 */; };
		40D4487B22240871009B77C7 /* please_close_lock_then_delivery.mp3 in Resources */ = {isa = PBXBuildFile; fileRef = 40D4486822240871009B77C7 /* please_close_lock_then_delivery.mp3 */; };
		40D4487C22240871009B77C7 /* read_already.mp3 in Resources */ = {isa = PBXBuildFile; fileRef = 40D4486922240871009B77C7 /* read_already.mp3 */; };
		40D4487D22240871009B77C7 /* open_already.mp3 in Resources */ = {isa = PBXBuildFile; fileRef = 40D4486A22240871009B77C7 /* open_already.mp3 */; };
		40D4487E22240871009B77C7 /* open_fail.mp3 in Resources */ = {isa = PBXBuildFile; fileRef = 40D4486B22240871009B77C7 /* open_fail.mp3 */; };
		40D4487F22240871009B77C7 /* msg_send.mp3 in Resources */ = {isa = PBXBuildFile; fileRef = 40D4486C22240871009B77C7 /* msg_send.mp3 */; };
		40D4488022240871009B77C7 /* QHBLESearchManager.m in Sources */ = {isa = PBXBuildFile; fileRef = 40D4486E22240871009B77C7 /* QHBLESearchManager.m */; };
		40D4488122240871009B77C7 /* QHBLEManager.m in Sources */ = {isa = PBXBuildFile; fileRef = 40D4487122240871009B77C7 /* QHBLEManager.m */; };
		FA2A5150664FBA647E340D5A /* libPods-QHCommonComponentsExample.a in Frameworks */ = {isa = PBXBuildFile; fileRef = 1D748D44035F0FD5819C4B72 /* libPods-QHCommonComponentsExample.a */; };
/* End PBXBuildFile section */

/* Begin PBXFileReference section */
		1D748D44035F0FD5819C4B72 /* libPods-QHCommonComponentsExample.a */ = {isa = PBXFileReference; explicitFileType = archive.ar; includeInIndex = 0; path = "libPods-QHCommonComponentsExample.a"; sourceTree = BUILT_PRODUCTS_DIR; };
		3471300344FDBD8DCFD51AA8 /* Pods-QHCommonComponentsExample.release.xcconfig */ = {isa = PBXFileReference; includeInIndex = 1; lastKnownFileType = text.xcconfig; name = "Pods-QHCommonComponentsExample.release.xcconfig"; path = "Pods/Target Support Files/Pods-QHCommonComponentsExample/Pods-QHCommonComponentsExample.release.xcconfig"; sourceTree = "<group>"; };
		4018D6A92224CA3E0048D112 /* TESTObject.h */ = {isa = PBXFileReference; lastKnownFileType = sourcecode.c.h; path = TESTObject.h; sourceTree = "<group>"; };
		4018D6AA2224CA3E0048D112 /* TESTObject.m */ = {isa = PBXFileReference; lastKnownFileType = sourcecode.c.objc; path = TESTObject.m; sourceTree = "<group>"; };
		40D447EF2223E1A0009B77C7 /* QHCommonComponentsExample.app */ = {isa = PBXFileReference; explicitFileType = wrapper.application; includeInIndex = 0; path = QHCommonComponentsExample.app; sourceTree = BUILT_PRODUCTS_DIR; };
		40D447FB2223E1A1009B77C7 /* Assets.xcassets */ = {isa = PBXFileReference; lastKnownFileType = folder.assetcatalog; path = Assets.xcassets; sourceTree = "<group>"; };
		40D447FE2223E1A1009B77C7 /* Base */ = {isa = PBXFileReference; lastKnownFileType = file.storyboard; name = Base; path = Base.lproj/LaunchScreen.storyboard; sourceTree = "<group>"; };
		40D448002223E1A1009B77C7 /* Info.plist */ = {isa = PBXFileReference; lastKnownFileType = text.plist.xml; path = Info.plist; sourceTree = "<group>"; };
		40D448012223E1A1009B77C7 /* main.m */ = {isa = PBXFileReference; lastKnownFileType = sourcecode.c.objc; path = main.m; sourceTree = "<group>"; };
		40D448092223E1F1009B77C7 /* AppDelegate.h */ = {isa = PBXFileReference; fileEncoding = 4; lastKnownFileType = sourcecode.c.h; path = AppDelegate.h; sourceTree = "<group>"; };
		40D4480A2223E1F1009B77C7 /* AppDelegate.m */ = {isa = PBXFileReference; fileEncoding = 4; lastKnownFileType = sourcecode.c.objc; path = AppDelegate.m; sourceTree = "<group>"; };
		40D4480C2223E1F1009B77C7 /* QHComponentsExampleVC.m */ = {isa = PBXFileReference; fileEncoding = 4; lastKnownFileType = sourcecode.c.objc; path = QHComponentsExampleVC.m; sourceTree = "<group>"; };
		40D4480D2223E1F1009B77C7 /* QHComponentsExampleVC.h */ = {isa = PBXFileReference; fileEncoding = 4; lastKnownFileType = sourcecode.c.h; path = QHComponentsExampleVC.h; sourceTree = "<group>"; };
		40D448162223E827009B77C7 /* QHCommonComponents.podspec */ = {isa = PBXFileReference; fileEncoding = 4; lastKnownFileType = text; path = QHCommonComponents.podspec; sourceTree = "<group>"; };
		40D448332223FE3C009B77C7 /* QHEncrypt.m */ = {isa = PBXFileReference; fileEncoding = 4; lastKnownFileType = sourcecode.c.objc; path = QHEncrypt.m; sourceTree = "<group>"; };
		40D448342223FE3C009B77C7 /* QHEncrypt.h */ = {isa = PBXFileReference; fileEncoding = 4; lastKnownFileType = sourcecode.c.h; path = QHEncrypt.h; sourceTree = "<group>"; };
		40D448372223FE3C009B77C7 /* QHAlertController.h */ = {isa = PBXFileReference; fileEncoding = 4; lastKnownFileType = sourcecode.c.h; path = QHAlertController.h; sourceTree = "<group>"; };
		40D448382223FE3C009B77C7 /* QHAlertController.m */ = {isa = PBXFileReference; fileEncoding = 4; lastKnownFileType = sourcecode.c.objc; path = QHAlertController.m; sourceTree = "<group>"; };
		40D4484A2224004E009B77C7 /* QHFunctionMacro.h */ = {isa = PBXFileReference; fileEncoding = 4; lastKnownFileType = sourcecode.c.h; path = QHFunctionMacro.h; sourceTree = "<group>"; };
		40D4484B2224004E009B77C7 /* QHSystemMacro.h */ = {isa = PBXFileReference; fileEncoding = 4; lastKnownFileType = sourcecode.c.h; path = QHSystemMacro.h; sourceTree = "<group>"; };
		40D4484C2224004E009B77C7 /* QHUIMacro.h */ = {isa = PBXFileReference; fileEncoding = 4; lastKnownFileType = sourcecode.c.h; path = QHUIMacro.h; sourceTree = "<group>"; };
		40D4484D22240124009B77C7 /* QHPrefixHeader.pch */ = {isa = PBXFileReference; lastKnownFileType = sourcecode.c.h; path = QHPrefixHeader.pch; sourceTree = "<group>"; };
		40D4485622240779009B77C7 /* QHPayWaysSelectVC.m */ = {isa = PBXFileReference; fileEncoding = 4; lastKnownFileType = sourcecode.c.objc; path = QHPayWaysSelectVC.m; sourceTree = "<group>"; };
		40D4485722240779009B77C7 /* QHPayWaysCell.h */ = {isa = PBXFileReference; fileEncoding = 4; lastKnownFileType = sourcecode.c.h; path = QHPayWaysCell.h; sourceTree = "<group>"; };
		40D4485822240779009B77C7 /* QHPayWaysSelectVC.h */ = {isa = PBXFileReference; fileEncoding = 4; lastKnownFileType = sourcecode.c.h; path = QHPayWaysSelectVC.h; sourceTree = "<group>"; };
		40D4485922240779009B77C7 /* QHPayWaysCell.m */ = {isa = PBXFileReference; fileEncoding = 4; lastKnownFileType = sourcecode.c.objc; path = QHPayWaysCell.m; sourceTree = "<group>"; };
		40D4485E22240871009B77C7 /* AMRPlayerTool.m */ = {isa = PBXFileReference; fileEncoding = 4; lastKnownFileType = sourcecode.c.objc; path = AMRPlayerTool.m; sourceTree = "<group>"; };
		40D4486022240871009B77C7 /* read_success.mp3 */ = {isa = PBXFileReference; lastKnownFileType = audio.mp3; path = read_success.mp3; sourceTree = "<group>"; };
		40D4486122240871009B77C7 /* open_success.mp3 */ = {isa = PBXFileReference; lastKnownFileType = audio.mp3; path = open_success.mp3; sourceTree = "<group>"; };
		40D4486222240871009B77C7 /* no_response.mp3 */ = {isa = PBXFileReference; lastKnownFileType = audio.mp3; path = no_response.mp3; sourceTree = "<group>"; };
		40D4486322240871009B77C7 /* assign_success.mp3 */ = {isa = PBXFileReference; lastKnownFileType = audio.mp3; path = assign_success.mp3; sourceTree = "<group>"; };
		40D4486422240871009B77C7 /* user_not_auth.mp3 */ = {isa = PBXFileReference; lastKnownFileType = audio.mp3; path = user_not_auth.mp3; sourceTree = "<group>"; };
		40D4486522240871009B77C7 /* disconnect.mp3 */ = {isa = PBXFileReference; lastKnownFileType = audio.mp3; path = disconnect.mp3; sourceTree = "<group>"; };
		40D4486622240871009B77C7 /* assign_fail.mp3 */ = {isa = PBXFileReference; lastKnownFileType = audio.mp3; path = assign_fail.mp3; sourceTree = "<group>"; };
		40D4486722240871009B77C7 /* connect.mp3 */ = {isa = PBXFileReference; lastKnownFileType = audio.mp3; path = connect.mp3; sourceTree = "<group>"; };
		40D4486822240871009B77C7 /* please_close_lock_then_delivery.mp3 */ = {isa = PBXFileReference; lastKnownFileType = audio.mp3; path = please_close_lock_then_delivery.mp3; sourceTree = "<group>"; };
		40D4486922240871009B77C7 /* read_already.mp3 */ = {isa = PBXFileReference; lastKnownFileType = audio.mp3; path = read_already.mp3; sourceTree = "<group>"; };
		40D4486A22240871009B77C7 /* open_already.mp3 */ = {isa = PBXFileReference; lastKnownFileType = audio.mp3; path = open_already.mp3; sourceTree = "<group>"; };
		40D4486B22240871009B77C7 /* open_fail.mp3 */ = {isa = PBXFileReference; lastKnownFileType = audio.mp3; path = open_fail.mp3; sourceTree = "<group>"; };
		40D4486C22240871009B77C7 /* msg_send.mp3 */ = {isa = PBXFileReference; lastKnownFileType = audio.mp3; path = msg_send.mp3; sourceTree = "<group>"; };
		40D4486D22240871009B77C7 /* AMRPlayerTool.h */ = {isa = PBXFileReference; fileEncoding = 4; lastKnownFileType = sourcecode.c.h; path = AMRPlayerTool.h; sourceTree = "<group>"; };
		40D4486E22240871009B77C7 /* QHBLESearchManager.m */ = {isa = PBXFileReference; fileEncoding = 4; lastKnownFileType = sourcecode.c.objc; path = QHBLESearchManager.m; sourceTree = "<group>"; };
		40D4486F22240871009B77C7 /* QHBLEManager.h */ = {isa = PBXFileReference; fileEncoding = 4; lastKnownFileType = sourcecode.c.h; path = QHBLEManager.h; sourceTree = "<group>"; };
		40D4487022240871009B77C7 /* QHBLESearchManager.h */ = {isa = PBXFileReference; fileEncoding = 4; lastKnownFileType = sourcecode.c.h; path = QHBLESearchManager.h; sourceTree = "<group>"; };
		40D4487122240871009B77C7 /* QHBLEManager.m */ = {isa = PBXFileReference; fileEncoding = 4; lastKnownFileType = sourcecode.c.objc; path = QHBLEManager.m; sourceTree = "<group>"; };
		D6061A0B3F720C52291EAF92 /* Pods-QHCommonComponentsExample.debug.xcconfig */ = {isa = PBXFileReference; includeInIndex = 1; lastKnownFileType = text.xcconfig; name = "Pods-QHCommonComponentsExample.debug.xcconfig"; path = "Pods/Target Support Files/Pods-QHCommonComponentsExample/Pods-QHCommonComponentsExample.debug.xcconfig"; sourceTree = "<group>"; };
/* End PBXFileReference section */

/* Begin PBXFrameworksBuildPhase section */
		40D447EC2223E1A0009B77C7 /* Frameworks */ = {
			isa = PBXFrameworksBuildPhase;
			buildActionMask = 2147483647;
			files = (
				FA2A5150664FBA647E340D5A /* libPods-QHCommonComponentsExample.a in Frameworks */,
			);
			runOnlyForDeploymentPostprocessing = 0;
		};
/* End PBXFrameworksBuildPhase section */

/* Begin PBXGroup section */
		20BFC84A1BB5760E857F446C /* Pods */ = {
			isa = PBXGroup;
			children = (
				D6061A0B3F720C52291EAF92 /* Pods-QHCommonComponentsExample.debug.xcconfig */,
				3471300344FDBD8DCFD51AA8 /* Pods-QHCommonComponentsExample.release.xcconfig */,
			);
			name = Pods;
			sourceTree = "<group>";
		};
		4018D6A82224CA250048D112 /* TEST */ = {
			isa = PBXGroup;
			children = (
				4018D6A92224CA3E0048D112 /* TESTObject.h */,
				4018D6AA2224CA3E0048D112 /* TESTObject.m */,
			);
			path = TEST;
			sourceTree = "<group>";
		};
		40D447E62223E1A0009B77C7 = {
			isa = PBXGroup;
			children = (
				40D448162223E827009B77C7 /* QHCommonComponents.podspec */,
				40D448102223E807009B77C7 /* QHCommonComponents */,
				40D447F12223E1A0009B77C7 /* QHCommonComponentsExample */,
				40D447F02223E1A0009B77C7 /* Products */,
				20BFC84A1BB5760E857F446C /* Pods */,
				5DB0B50428CCE8C1EB0A010B /* Frameworks */,
			);
			sourceTree = "<group>";
		};
		40D447F02223E1A0009B77C7 /* Products */ = {
			isa = PBXGroup;
			children = (
				40D447EF2223E1A0009B77C7 /* QHCommonComponentsExample.app */,
			);
			name = Products;
			sourceTree = "<group>";
		};
		40D447F12223E1A0009B77C7 /* QHCommonComponentsExample */ = {
			isa = PBXGroup;
			children = (
				40D448082223E1F1009B77C7 /* AppDelegate */,
				40D4480B2223E1F1009B77C7 /* QHComponentsExampleVC */,
				40D447FB2223E1A1009B77C7 /* Assets.xcassets */,
				40D447FD2223E1A1009B77C7 /* LaunchScreen.storyboard */,
				40D448002223E1A1009B77C7 /* Info.plist */,
				40D448012223E1A1009B77C7 /* main.m */,
				40D4484D22240124009B77C7 /* QHPrefixHeader.pch */,
			);
			path = QHCommonComponentsExample;
			sourceTree = "<group>";
		};
		40D448082223E1F1009B77C7 /* AppDelegate */ = {
			isa = PBXGroup;
			children = (
				40D448092223E1F1009B77C7 /* AppDelegate.h */,
				40D4480A2223E1F1009B77C7 /* AppDelegate.m */,
			);
			path = AppDelegate;
			sourceTree = "<group>";
		};
		40D4480B2223E1F1009B77C7 /* QHComponentsExampleVC */ = {
			isa = PBXGroup;
			children = (
				40D4480D2223E1F1009B77C7 /* QHComponentsExampleVC.h */,
				40D4480C2223E1F1009B77C7 /* QHComponentsExampleVC.m */,
			);
			path = QHComponentsExampleVC;
			sourceTree = "<group>";
		};
		40D448102223E807009B77C7 /* QHCommonComponents */ = {
			isa = PBXGroup;
			children = (
				40D448492224004E009B77C7 /* QHMacros */,
				40D448312223FE3C009B77C7 /* QHNSObjects */,
				40D448352223FE3C009B77C7 /* QHUIViewControllers */,
			);
			path = QHCommonComponents;
			sourceTree = SOURCE_ROOT;
		};
		40D448312223FE3C009B77C7 /* QHNSObjects */ = {
			isa = PBXGroup;
			children = (
				4018D6A82224CA250048D112 /* TEST */,
				40D4485C22240871009B77C7 /* QHBluetooth */,
				40D448322223FE3C009B77C7 /* QHEncryptHelper */,
			);
			path = QHNSObjects;
			sourceTree = "<group>";
		};
		40D448322223FE3C009B77C7 /* QHEncryptHelper */ = {
			isa = PBXGroup;
			children = (
				40D448342223FE3C009B77C7 /* QHEncrypt.h */,
				40D448332223FE3C009B77C7 /* QHEncrypt.m */,
			);
			path = QHEncryptHelper;
			sourceTree = "<group>";
		};
		40D448352223FE3C009B77C7 /* QHUIViewControllers */ = {
			isa = PBXGroup;
			children = (
				40D4485522240779009B77C7 /* QHPayWaysSelectVC */,
				40D448362223FE3C009B77C7 /* QHAlertController */,
			);
			path = QHUIViewControllers;
			sourceTree = "<group>";
		};
		40D448362223FE3C009B77C7 /* QHAlertController */ = {
			isa = PBXGroup;
			children = (
				40D448372223FE3C009B77C7 /* QHAlertController.h */,
				40D448382223FE3C009B77C7 /* QHAlertController.m */,
			);
			path = QHAlertController;
			sourceTree = "<group>";
		};
		40D448492224004E009B77C7 /* QHMacros */ = {
			isa = PBXGroup;
			children = (
				40D4484A2224004E009B77C7 /* QHFunctionMacro.h */,
				40D4484B2224004E009B77C7 /* QHSystemMacro.h */,
				40D4484C2224004E009B77C7 /* QHUIMacro.h */,
			);
			path = QHMacros;
			sourceTree = "<group>";
		};
		40D4485522240779009B77C7 /* QHPayWaysSelectVC */ = {
			isa = PBXGroup;
			children = (
				40D4485822240779009B77C7 /* QHPayWaysSelectVC.h */,
				40D4485622240779009B77C7 /* QHPayWaysSelectVC.m */,
				40D4485722240779009B77C7 /* QHPayWaysCell.h */,
				40D4485922240779009B77C7 /* QHPayWaysCell.m */,
			);
			path = QHPayWaysSelectVC;
			sourceTree = "<group>";
		};
		40D4485C22240871009B77C7 /* QHBluetooth */ = {
			isa = PBXGroup;
			children = (
				40D4485D22240871009B77C7 /* AMRPlayerTool */,
				40D4486F22240871009B77C7 /* QHBLEManager.h */,
				40D4487122240871009B77C7 /* QHBLEManager.m */,
				40D4487022240871009B77C7 /* QHBLESearchManager.h */,
				40D4486E22240871009B77C7 /* QHBLESearchManager.m */,
			);
			path = QHBluetooth;
			sourceTree = "<group>";
		};
		40D4485D22240871009B77C7 /* AMRPlayerTool */ = {
			isa = PBXGroup;
			children = (
				40D4486D22240871009B77C7 /* AMRPlayerTool.h */,
				40D4485E22240871009B77C7 /* AMRPlayerTool.m */,
				40D4485F22240871009B77C7 /* audio */,
			);
			path = AMRPlayerTool;
			sourceTree = "<group>";
		};
		40D4485F22240871009B77C7 /* audio */ = {
			isa = PBXGroup;
			children = (
				40D4486022240871009B77C7 /* read_success.mp3 */,
				40D4486122240871009B77C7 /* open_success.mp3 */,
				40D4486222240871009B77C7 /* no_response.mp3 */,
				40D4486322240871009B77C7 /* assign_success.mp3 */,
				40D4486422240871009B77C7 /* user_not_auth.mp3 */,
				40D4486522240871009B77C7 /* disconnect.mp3 */,
				40D4486622240871009B77C7 /* assign_fail.mp3 */,
				40D4486722240871009B77C7 /* connect.mp3 */,
				40D4486822240871009B77C7 /* please_close_lock_then_delivery.mp3 */,
				40D4486922240871009B77C7 /* read_already.mp3 */,
				40D4486A22240871009B77C7 /* open_already.mp3 */,
				40D4486B22240871009B77C7 /* open_fail.mp3 */,
				40D4486C22240871009B77C7 /* msg_send.mp3 */,
			);
			path = audio;
			sourceTree = "<group>";
		};
		5DB0B50428CCE8C1EB0A010B /* Frameworks */ = {
			isa = PBXGroup;
			children = (
				1D748D44035F0FD5819C4B72 /* libPods-QHCommonComponentsExample.a */,
			);
			name = Frameworks;
			sourceTree = "<group>";
		};
/* End PBXGroup section */

/* Begin PBXNativeTarget section */
		40D447EE2223E1A0009B77C7 /* QHCommonComponentsExample */ = {
			isa = PBXNativeTarget;
			buildConfigurationList = 40D448052223E1A1009B77C7 /* Build configuration list for PBXNativeTarget "QHCommonComponentsExample" */;
			buildPhases = (
				5A0707A65BF36A2BBBF7B884 /* [CP] Check Pods Manifest.lock */,
				40D447EB2223E1A0009B77C7 /* Sources */,
				40D447EC2223E1A0009B77C7 /* Frameworks */,
				40D447ED2223E1A0009B77C7 /* Resources */,
			);
			buildRules = (
			);
			dependencies = (
			);
			name = QHCommonComponentsExample;
			productName = QHCommonComponentsExample;
			productReference = 40D447EF2223E1A0009B77C7 /* QHCommonComponentsExample.app */;
			productType = "com.apple.product-type.application";
		};
/* End PBXNativeTarget section */

/* Begin PBXProject section */
		40D447E72223E1A0009B77C7 /* Project object */ = {
			isa = PBXProject;
			attributes = {
				LastUpgradeCheck = 1010;
				ORGANIZATIONNAME = BIN;
				TargetAttributes = {
					40D447EE2223E1A0009B77C7 = {
						CreatedOnToolsVersion = 10.1;
					};
				};
			};
			buildConfigurationList = 40D447EA2223E1A0009B77C7 /* Build configuration list for PBXProject "QHCommonComponentsExample" */;
			compatibilityVersion = "Xcode 9.3";
			developmentRegion = en;
			hasScannedForEncodings = 0;
			knownRegions = (
				en,
				Base,
			);
			mainGroup = 40D447E62223E1A0009B77C7;
			productRefGroup = 40D447F02223E1A0009B77C7 /* Products */;
			projectDirPath = "";
			projectRoot = "";
			targets = (
				40D447EE2223E1A0009B77C7 /* QHCommonComponentsExample */,
			);
		};
/* End PBXProject section */

/* Begin PBXResourcesBuildPhase section */
		40D447ED2223E1A0009B77C7 /* Resources */ = {
			isa = PBXResourcesBuildPhase;
			buildActionMask = 2147483647;
			files = (
				40D448172223E827009B77C7 /* QHCommonComponents.podspec in Resources */,
				40D4487D22240871009B77C7 /* open_already.mp3 in Resources */,
				40D4487B22240871009B77C7 /* please_close_lock_then_delivery.mp3 in Resources */,
				40D4487822240871009B77C7 /* disconnect.mp3 in Resources */,
				40D447FF2223E1A1009B77C7 /* LaunchScreen.storyboard in Resources */,
				40D4487E22240871009B77C7 /* open_fail.mp3 in Resources */,
				40D4487922240871009B77C7 /* assign_fail.mp3 in Resources */,
				40D4487422240871009B77C7 /* open_success.mp3 in Resources */,
				40D4487A22240871009B77C7 /* connect.mp3 in Resources */,
				40D4487622240871009B77C7 /* assign_success.mp3 in Resources */,
				40D4487F22240871009B77C7 /* msg_send.mp3 in Resources */,
				40D4487322240871009B77C7 /* read_success.mp3 in Resources */,
				40D4487522240871009B77C7 /* no_response.mp3 in Resources */,
				40D4487C22240871009B77C7 /* read_already.mp3 in Resources */,
				40D447FC2223E1A1009B77C7 /* Assets.xcassets in Resources */,
				40D4487722240871009B77C7 /* user_not_auth.mp3 in Resources */,
			);
			runOnlyForDeploymentPostprocessing = 0;
		};
/* End PBXResourcesBuildPhase section */

/* Begin PBXShellScriptBuildPhase section */
		5A0707A65BF36A2BBBF7B884 /* [CP] Check Pods Manifest.lock */ = {
			isa = PBXShellScriptBuildPhase;
			buildActionMask = 2147483647;
			files = (
			);
			inputFileListPaths = (
			);
			inputPaths = (
				"${PODS_PODFILE_DIR_PATH}/Podfile.lock",
				"${PODS_ROOT}/Manifest.lock",
			);
			name = "[CP] Check Pods Manifest.lock";
			outputFileListPaths = (
			);
			outputPaths = (
				"$(DERIVED_FILE_DIR)/Pods-QHCommonComponentsExample-checkManifestLockResult.txt",
			);
			runOnlyForDeploymentPostprocessing = 0;
			shellPath = /bin/sh;
			shellScript = "diff \"${PODS_PODFILE_DIR_PATH}/Podfile.lock\" \"${PODS_ROOT}/Manifest.lock\" > /dev/null\nif [ $? != 0 ] ; then\n    # print error to STDERR\n    echo \"error: The sandbox is not in sync with the Podfile.lock. Run 'pod install' or update your CocoaPods installation.\" >&2\n    exit 1\nfi\n# This output is used by Xcode 'outputs' to avoid re-running this script phase.\necho \"SUCCESS\" > \"${SCRIPT_OUTPUT_FILE_0}\"\n";
			showEnvVarsInLog = 0;
		};
/* End PBXShellScriptBuildPhase section */

/* Begin PBXSourcesBuildPhase section */
		40D447EB2223E1A0009B77C7 /* Sources */ = {
			isa = PBXSourcesBuildPhase;
			buildActionMask = 2147483647;
			files = (
				40D448392223FE3C009B77C7 /* QHEncrypt.m in Sources */,
				40D4488022240871009B77C7 /* QHBLESearchManager.m in Sources */,
				40D4480F2223E1F1009B77C7 /* QHComponentsExampleVC.m in Sources */,
				40D4483A2223FE3C009B77C7 /* QHAlertController.m in Sources */,
				40D4485B22240779009B77C7 /* QHPayWaysCell.m in Sources */,
				40D4480E2223E1F1009B77C7 /* AppDelegate.m in Sources */,
				4018D6AB2224CA3E0048D112 /* TESTObject.m in Sources */,
				40D4487222240871009B77C7 /* AMRPlayerTool.m in Sources */,
				40D4488122240871009B77C7 /* QHBLEManager.m in Sources */,
				40D448022223E1A1009B77C7 /* main.m in Sources */,
				40D4485A22240779009B77C7 /* QHPayWaysSelectVC.m in Sources */,
			);
			runOnlyForDeploymentPostprocessing = 0;
		};
/* End PBXSourcesBuildPhase section */

/* Begin PBXVariantGroup section */
		40D447FD2223E1A1009B77C7 /* LaunchScreen.storyboard */ = {
			isa = PBXVariantGroup;
			children = (
				40D447FE2223E1A1009B77C7 /* Base */,
			);
			name = LaunchScreen.storyboard;
			sourceTree = "<group>";
		};
/* End PBXVariantGroup section */

/* Begin XCBuildConfiguration section */
		40D448032223E1A1009B77C7 /* Debug */ = {
			isa = XCBuildConfiguration;
			buildSettings = {
				ALWAYS_SEARCH_USER_PATHS = NO;
				CLANG_ANALYZER_NONNULL = YES;
				CLANG_ANALYZER_NUMBER_OBJECT_CONVERSION = YES_AGGRESSIVE;
				CLANG_CXX_LANGUAGE_STANDARD = "gnu++14";
				CLANG_CXX_LIBRARY = "libc++";
				CLANG_ENABLE_MODULES = YES;
				CLANG_ENABLE_OBJC_ARC = YES;
				CLANG_ENABLE_OBJC_WEAK = YES;
				CLANG_WARN_BLOCK_CAPTURE_AUTORELEASING = YES;
				CLANG_WARN_BOOL_CONVERSION = YES;
				CLANG_WARN_COMMA = YES;
				CLANG_WARN_CONSTANT_CONVERSION = YES;
				CLANG_WARN_DEPRECATED_OBJC_IMPLEMENTATIONS = YES;
				CLANG_WARN_DIRECT_OBJC_ISA_USAGE = YES_ERROR;
				CLANG_WARN_DOCUMENTATION_COMMENTS = YES;
				CLANG_WARN_EMPTY_BODY = YES;
				CLANG_WARN_ENUM_CONVERSION = YES;
				CLANG_WARN_INFINITE_RECURSION = YES;
				CLANG_WARN_INT_CONVERSION = YES;
				CLANG_WARN_NON_LITERAL_NULL_CONVERSION = YES;
				CLANG_WARN_OBJC_IMPLICIT_RETAIN_SELF = YES;
				CLANG_WARN_OBJC_LITERAL_CONVERSION = YES;
				CLANG_WARN_OBJC_ROOT_CLASS = YES_ERROR;
				CLANG_WARN_RANGE_LOOP_ANALYSIS = YES;
				CLANG_WARN_STRICT_PROTOTYPES = YES;
				CLANG_WARN_SUSPICIOUS_MOVE = YES;
				CLANG_WARN_UNGUARDED_AVAILABILITY = YES_AGGRESSIVE;
				CLANG_WARN_UNREACHABLE_CODE = YES;
				CLANG_WARN__DUPLICATE_METHOD_MATCH = YES;
				CODE_SIGN_IDENTITY = "iPhone Developer";
				COPY_PHASE_STRIP = NO;
				DEBUG_INFORMATION_FORMAT = dwarf;
				ENABLE_STRICT_OBJC_MSGSEND = YES;
				ENABLE_TESTABILITY = YES;
				GCC_C_LANGUAGE_STANDARD = gnu11;
				GCC_DYNAMIC_NO_PIC = NO;
				GCC_NO_COMMON_BLOCKS = YES;
				GCC_OPTIMIZATION_LEVEL = 0;
				GCC_PREPROCESSOR_DEFINITIONS = (
					"DEBUG=1",
					"$(inherited)",
				);
				GCC_WARN_64_TO_32_BIT_CONVERSION = YES;
				GCC_WARN_ABOUT_RETURN_TYPE = YES_ERROR;
				GCC_WARN_UNDECLARED_SELECTOR = YES;
				GCC_WARN_UNINITIALIZED_AUTOS = YES_AGGRESSIVE;
				GCC_WARN_UNUSED_FUNCTION = YES;
				GCC_WARN_UNUSED_VARIABLE = YES;
				IPHONEOS_DEPLOYMENT_TARGET = 12.1;
				MTL_ENABLE_DEBUG_INFO = INCLUDE_SOURCE;
				MTL_FAST_MATH = YES;
				ONLY_ACTIVE_ARCH = YES;
				SDKROOT = iphoneos;
			};
			name = Debug;
		};
		40D448042223E1A1009B77C7 /* Release */ = {
			isa = XCBuildConfiguration;
			buildSettings = {
				ALWAYS_SEARCH_USER_PATHS = NO;
				CLANG_ANALYZER_NONNULL = YES;
				CLANG_ANALYZER_NUMBER_OBJECT_CONVERSION = YES_AGGRESSIVE;
				CLANG_CXX_LANGUAGE_STANDARD = "gnu++14";
				CLANG_CXX_LIBRARY = "libc++";
				CLANG_ENABLE_MODULES = YES;
				CLANG_ENABLE_OBJC_ARC = YES;
				CLANG_ENABLE_OBJC_WEAK = YES;
				CLANG_WARN_BLOCK_CAPTURE_AUTORELEASING = YES;
				CLANG_WARN_BOOL_CONVERSION = YES;
				CLANG_WARN_COMMA = YES;
				CLANG_WARN_CONSTANT_CONVERSION = YES;
				CLANG_WARN_DEPRECATED_OBJC_IMPLEMENTATIONS = YES;
				CLANG_WARN_DIRECT_OBJC_ISA_USAGE = YES_ERROR;
				CLANG_WARN_DOCUMENTATION_COMMENTS = YES;
				CLANG_WARN_EMPTY_BODY = YES;
				CLANG_WARN_ENUM_CONVERSION = YES;
				CLANG_WARN_INFINITE_RECURSION = YES;
				CLANG_WARN_INT_CONVERSION = YES;
				CLANG_WARN_NON_LITERAL_NULL_CONVERSION = YES;
				CLANG_WARN_OBJC_IMPLICIT_RETAIN_SELF = YES;
				CLANG_WARN_OBJC_LITERAL_CONVERSION = YES;
				CLANG_WARN_OBJC_ROOT_CLASS = YES_ERROR;
				CLANG_WARN_RANGE_LOOP_ANALYSIS = YES;
				CLANG_WARN_STRICT_PROTOTYPES = YES;
				CLANG_WARN_SUSPICIOUS_MOVE = YES;
				CLANG_WARN_UNGUARDED_AVAILABILITY = YES_AGGRESSIVE;
				CLANG_WARN_UNREACHABLE_CODE = YES;
				CLANG_WARN__DUPLICATE_METHOD_MATCH = YES;
				CODE_SIGN_IDENTITY = "iPhone Developer";
				COPY_PHASE_STRIP = NO;
				DEBUG_INFORMATION_FORMAT = "dwarf-with-dsym";
				ENABLE_NS_ASSERTIONS = NO;
				ENABLE_STRICT_OBJC_MSGSEND = YES;
				GCC_C_LANGUAGE_STANDARD = gnu11;
				GCC_NO_COMMON_BLOCKS = YES;
				GCC_WARN_64_TO_32_BIT_CONVERSION = YES;
				GCC_WARN_ABOUT_RETURN_TYPE = YES_ERROR;
				GCC_WARN_UNDECLARED_SELECTOR = YES;
				GCC_WARN_UNINITIALIZED_AUTOS = YES_AGGRESSIVE;
				GCC_WARN_UNUSED_FUNCTION = YES;
				GCC_WARN_UNUSED_VARIABLE = YES;
				IPHONEOS_DEPLOYMENT_TARGET = 12.1;
				MTL_ENABLE_DEBUG_INFO = NO;
				MTL_FAST_MATH = YES;
				SDKROOT = iphoneos;
				VALIDATE_PRODUCT = YES;
			};
			name = Release;
		};
		40D448062223E1A1009B77C7 /* Debug */ = {
			isa = XCBuildConfiguration;
			baseConfigurationReference = D6061A0B3F720C52291EAF92 /* Pods-QHCommonComponentsExample.debug.xcconfig */;
			buildSettings = {
				ASSETCATALOG_COMPILER_APPICON_NAME = AppIcon;
				CODE_SIGN_STYLE = Automatic;
				DEVELOPMENT_TEAM = 58NS4B6N57;
				GCC_PREFIX_HEADER = "$(SRCROOT)/QHCommonComponentsExample/QHPrefixHeader.pch";
				INFOPLIST_FILE = QHCommonComponentsExample/Info.plist;
				LD_RUNPATH_SEARCH_PATHS = (
					"$(inherited)",
					"@executable_path/Frameworks",
				);
				PRODUCT_BUNDLE_IDENTIFIER = com.yourcompany.QHCommonComponentsExample;
				PRODUCT_NAME = "$(TARGET_NAME)";
				TARGETED_DEVICE_FAMILY = "1,2";
			};
			name = Debug;
		};
		40D448072223E1A1009B77C7 /* Release */ = {
			isa = XCBuildConfiguration;
			baseConfigurationReference = 3471300344FDBD8DCFD51AA8 /* Pods-QHCommonComponentsExample.release.xcconfig */;
			buildSettings = {
				ASSETCATALOG_COMPILER_APPICON_NAME = AppIcon;
				CODE_SIGN_STYLE = Automatic;
				DEVELOPMENT_TEAM = 58NS4B6N57;
				GCC_PREFIX_HEADER = "$(SRCROOT)/QHCommonComponentsExample/QHPrefixHeader.pch";
				INFOPLIST_FILE = QHCommonComponentsExample/Info.plist;
				LD_RUNPATH_SEARCH_PATHS = (
					"$(inherited)",
					"@executable_path/Frameworks",
				);
				PRODUCT_BUNDLE_IDENTIFIER = com.yourcompany.QHCommonComponentsExample;
				PRODUCT_NAME = "$(TARGET_NAME)";
				TARGETED_DEVICE_FAMILY = "1,2";
			};
			name = Release;
		};
/* End XCBuildConfiguration section */

/* Begin XCConfigurationList section */
		40D447EA2223E1A0009B77C7 /* Build configuration list for PBXProject "QHCommonComponentsExample" */ = {
			isa = XCConfigurationList;
			buildConfigurations = (
				40D448032223E1A1009B77C7 /* Debug */,
				40D448042223E1A1009B77C7 /* Release */,
			);
			defaultConfigurationIsVisible = 0;
			defaultConfigurationName = Release;
		};
		40D448052223E1A1009B77C7 /* Build configuration list for PBXNativeTarget "QHCommonComponentsExample" */ = {
			isa = XCConfigurationList;
			buildConfigurations = (
				40D448062223E1A1009B77C7 /* Debug */,
				40D448072223E1A1009B77C7 /* Release */,
			);
			defaultConfigurationIsVisible = 0;
			defaultConfigurationName = Release;
		};
/* End XCConfigurationList section */
	};
	rootObject = 40D447E72223E1A0009B77C7 /* Project object */;
}
